
Microsoft Visual Studio Solution File, Format Version 12.00
# Visual Studio Version 17
VisualStudioVersion = 17.14.36429.23
MinimumVisualStudioVersion = 10.0.40219.1
Project("{2150E333-8FDC-42A3-9474-1A3956D46DE8}") = "FrontEnd", "FrontEnd", "{02EA681E-C7D8-13C7-8484-4AC65E1B71E8}"
EndProject
Project("{2150E333-8FDC-42A3-9474-1A3956D46DE8}") = "Gateway", "Gateway", "{F35A0942-B522-4494-8EC9-3B2A6D86818D}"
EndProject
Project("{2150E333-8FDC-42A3-9474-1A3956D46DE8}") = "Integration", "Integration", "{9A80A048-5AF8-4084-97DE-A2B11F72B455}"
EndProject
Project("{2150E333-8FDC-42A3-9474-1A3956D46DE8}") = "Services", "Services", "{2C9C23C2-1148-42A5-A67D-4C134DE06DB6}"
EndProject
Project("{FAE04EC0-301F-11D3-BF4B-00C04F79EFBC}") = "Mango.Services.CouponAPI", "Mango.Services.CouponAPI\Mango.Services.CouponAPI.csproj", "{8880A40B-1A0F-4336-9F34-C8A207F124B7}"
EndProject
Project("{FAE04EC0-301F-11D3-BF4B-00C04F79EFBC}") = "Mango.Web", "Mango.Web\Mango.Web.csproj", "{EBF044AC-E4C8-4B45-B5FD-5A6470A76607}"
EndProject
Project("{FAE04EC0-301F-11D3-BF4B-00C04F79EFBC}") = "Mango.Services.AuthAPI", "Mango.Services.AuthAPI\Mango.Services.AuthAPI.csproj", "{B42B5CC2-B0CF-4CE8-8527-403D54AB871C}"
EndProject
Project("{FAE04EC0-301F-11D3-BF4B-00C04F79EFBC}") = "Mango.Services.ProductAPI", "Mango.Services.ProductAPI\Mango.Services.ProductAPI.csproj", "{EE4B9B48-011C-4895-9617-2B982B85D2A0}"
EndProject
Project("{FAE04EC0-301F-11D3-BF4B-00C04F79EFBC}") = "Mango.Services.ShoppingCartAPI", "Mango.Services.ShoppingCartAPI\Mango.Services.ShoppingCartAPI.csproj", "{271539FC-8BCF-4729-88C7-92FD23159FF8}"
EndProject
Project("{FAE04EC0-301F-11D3-BF4B-00C04F79EFBC}") = "Mango.MessageBus", "Mango.MessageBus\Mango.MessageBus.csproj", "{029B16F2-7132-40B9-A91A-CA64A282D436}"
EndProject
Global
	GlobalSection(SolutionConfigurationPlatforms) = preSolution
		Debug|Any CPU = Debug|Any CPU
		Release|Any CPU = Release|Any CPU
	EndGlobalSection
	GlobalSection(ProjectConfigurationPlatforms) = postSolution
		{8880A40B-1A0F-4336-9F34-C8A207F124B7}.Debug|Any CPU.ActiveCfg = Debug|Any CPU
		{8880A40B-1A0F-4336-9F34-C8A207F124B7}.Debug|Any CPU.Build.0 = Debug|Any CPU
		{8880A40B-1A0F-4336-9F34-C8A207F124B7}.Release|Any CPU.ActiveCfg = Release|Any CPU
		{8880A40B-1A0F-4336-9F34-C8A207F124B7}.Release|Any CPU.Build.0 = Release|Any CPU
		{EBF044AC-E4C8-4B45-B5FD-5A6470A76607}.Debug|Any CPU.ActiveCfg = Debug|Any CPU
		{EBF044AC-E4C8-4B45-B5FD-5A6470A76607}.Debug|Any CPU.Build.0 = Debug|Any CPU
		{EBF044AC-E4C8-4B45-B5FD-5A6470A76607}.Release|Any CPU.ActiveCfg = Release|Any CPU
		{EBF044AC-E4C8-4B45-B5FD-5A6470A76607}.Release|Any CPU.Build.0 = Release|Any CPU
		{B42B5CC2-B0CF-4CE8-8527-403D54AB871C}.Debug|Any CPU.ActiveCfg = Debug|Any CPU
		{B42B5CC2-B0CF-4CE8-8527-403D54AB871C}.Debug|Any CPU.Build.0 = Debug|Any CPU
		{B42B5CC2-B0CF-4CE8-8527-403D54AB871C}.Release|Any CPU.ActiveCfg = Release|Any CPU
		{B42B5CC2-B0CF-4CE8-8527-403D54AB871C}.Release|Any CPU.Build.0 = Release|Any CPU
		{EE4B9B48-011C-4895-9617-2B982B85D2A0}.Debug|Any CPU.ActiveCfg = Debug|Any CPU
		{EE4B9B48-011C-4895-9617-2B982B85D2A0}.Debug|Any CPU.Build.0 = Debug|Any CPU
		{EE4B9B48-011C-4895-9617-2B982B85D2A0}.Release|Any CPU.ActiveCfg = Release|Any CPU
		{EE4B9B48-011C-4895-9617-2B982B85D2A0}.Release|Any CPU.Build.0 = Release|Any CPU
		{271539FC-8BCF-4729-88C7-92FD23159FF8}.Debug|Any CPU.ActiveCfg = Debug|Any CPU
		{271539FC-8BCF-4729-88C7-92FD23159FF8}.Debug|Any CPU.Build.0 = Debug|Any CPU
		{271539FC-8BCF-4729-88C7-92FD23159FF8}.Release|Any CPU.ActiveCfg = Release|Any CPU
		{271539FC-8BCF-4729-88C7-92FD23159FF8}.Release|Any CPU.Build.0 = Release|Any CPU
		{029B16F2-7132-40B9-A91A-CA64A282D436}.Debug|Any CPU.ActiveCfg = Debug|Any CPU
		{029B16F2-7132-40B9-A91A-CA64A282D436}.Debug|Any CPU.Build.0 = Debug|Any CPU
		{029B16F2-7132-40B9-A91A-CA64A282D436}.Release|Any CPU.ActiveCfg = Release|Any CPU
		{029B16F2-7132-40B9-A91A-CA64A282D436}.Release|Any CPU.Build.0 = Release|Any CPU
	EndGlobalSection
	GlobalSection(SolutionProperties) = preSolution
		HideSolutionNode = FALSE
	EndGlobalSection
	GlobalSection(NestedProjects) = preSolution
		{8880A40B-1A0F-4336-9F34-C8A207F124B7} = {2C9C23C2-1148-42A5-A67D-4C134DE06DB6}
		{EBF044AC-E4C8-4B45-B5FD-5A6470A76607} = {02EA681E-C7D8-13C7-8484-4AC65E1B71E8}
		{B42B5CC2-B0CF-4CE8-8527-403D54AB871C} = {2C9C23C2-1148-42A5-A67D-4C134DE06DB6}
		{EE4B9B48-011C-4895-9617-2B982B85D2A0} = {2C9C23C2-1148-42A5-A67D-4C134DE06DB6}
		{271539FC-8BCF-4729-88C7-92FD23159FF8} = {2C9C23C2-1148-42A5-A67D-4C134DE06DB6}
		{029B16F2-7132-40B9-A91A-CA64A282D436} = {9A80A048-5AF8-4084-97DE-A2B11F72B455}
	EndGlobalSection
	GlobalSection(ExtensibilityGlobals) = postSolution
		SolutionGuid = {C9576B66-D2F0-4728-87C8-6993E3DBEFBC}
	EndGlobalSection
EndGlobal
