
Microsoft Visual Studio Solution File, Format Version 12.00
# Visual Studio Version 17
VisualStudioVersion = 17.14.36429.23
MinimumVisualStudioVersion = 10.0.40219.1
Project("{2150E333-8FDC-42A3-9474-1A3956D46DE8}") = "FrontEnd", "FrontEnd", "{02EA681E-C7D8-13C7-8484-4AC65E1B71E8}"
EndProject
Project("{2150E333-8FDC-42A3-9474-1A3956D46DE8}") = "Gateway", "Gateway", "{F35A0942-B522-4494-8EC9-3B2A6D86818D}"
EndProject
Project("{2150E333-8FDC-42A3-9474-1A3956D46DE8}") = "Integration", "Integration", "{9A80A048-5AF8-4084-97DE-A2B11F72B455}"
EndProject
Project("{2150E333-8FDC-42A3-9474-1A3956D46DE8}") = "Services", "Services", "{2C9C23C2-1148-42A5-A67D-4C134DE06DB6}"
EndProject
Project("{FAE04EC0-301F-11D3-BF4B-00C04F79EFBC}") = "Mango.Services.CouponAPI", "Mango.Services.CouponAPI\Mango.Services.CouponAPI.csproj", "{8880A40B-1A0F-4336-9F34-C8A207F124B7}"
EndProject
Global
	GlobalSection(SolutionConfigurationPlatforms) = preSolution
		Debug|Any CPU = Debug|Any CPU
		Release|Any CPU = Release|Any CPU
	EndGlobalSection
	GlobalSection(ProjectConfigurationPlatforms) = postSolution
		{8880A40B-1A0F-4336-9F34-C8A207F124B7}.Debug|Any CPU.ActiveCfg = Debug|Any CPU
		{8880A40B-1A0F-4336-9F34-C8A207F124B7}.Debug|Any CPU.Build.0 = Debug|Any CPU
		{8880A40B-1A0F-4336-9F34-C8A207F124B7}.Release|Any CPU.ActiveCfg = Release|Any CPU
		{8880A40B-1A0F-4336-9F34-C8A207F124B7}.Release|Any CPU.Build.0 = Release|Any CPU
	EndGlobalSection
	GlobalSection(SolutionProperties) = preSolution
		HideSolutionNode = FALSE
	EndGlobalSection
	GlobalSection(NestedProjects) = preSolution
		{8880A40B-1A0F-4336-9F34-C8A207F124B7} = {2C9C23C2-1148-42A5-A67D-4C134DE06DB6}
	EndGlobalSection
	GlobalSection(ExtensibilityGlobals) = postSolution
		SolutionGuid = {C9576B66-D2F0-4728-87C8-6993E3DBEFBC}
	EndGlobalSection
EndGlobal
